// !$*UTF8*$!
{
	archiveVersion = 1;
	classes = {
	};
	objectVersion = 55;
	objects = {

/* Begin PBXBuildFile section */
		55288E40275C9AE6000B974E /* AppDelegate.swift in Sources */ = {isa = PBXBuildFile; fileRef = 55288E3F275C9AE6000B974E /* AppDelegate.swift */; };
		55288E42275C9AE6000B974E /* SceneDelegate.swift in Sources */ = {isa = PBXBuildFile; fileRef = 55288E41275C9AE6000B974E /* SceneDelegate.swift */; };
		55288E44275C9AE6000B974E /* ViewController.swift in Sources */ = {isa = PBXBuildFile; fileRef = 55288E43275C9AE6000B974E /* ViewController.swift */; };
		55288E47275C9AE6000B974E /* Main.storyboard in Resources */ = {isa = PBXBuildFile; fileRef = 55288E45275C9AE6000B974E /* Main.storyboard */; };
		55288E49275C9AE7000B974E /* Assets.xcassets in Resources */ = {isa = PBXBuildFile; fileRef = 55288E48275C9AE7000B974E /* Assets.xcassets */; };
		55288E4C275C9AE7000B974E /* LaunchScreen.storyboard in Resources */ = {isa = PBXBuildFile; fileRef = 55288E4A275C9AE7000B974E /* LaunchScreen.storyboard */; };
		55288E62275C9EE5000B974E /* StoryboardSceneBased.swift in Sources */ = {isa = PBXBuildFile; fileRef = 55288E61275C9EE5000B974E /* StoryboardSceneBased.swift */; };
		55288E64275C9EFD000B974E /* StoryboardBased.swift in Sources */ = {isa = PBXBuildFile; fileRef = 55288E63275C9EFD000B974E /* StoryboardBased.swift */; };
		55288E66275C9F09000B974E /* Reusable.swift in Sources */ = {isa = PBXBuildFile; fileRef = 55288E65275C9F09000B974E /* Reusable.swift */; };
		55288E68275C9F19000B974E /* UITableView+Reusable.swift in Sources */ = {isa = PBXBuildFile; fileRef = 55288E67275C9F19000B974E /* UITableView+Reusable.swift */; };
		55288E6A275C9F27000B974E /* NibLoadable.swift in Sources */ = {isa = PBXBuildFile; fileRef = 55288E69275C9F27000B974E /* NibLoadable.swift */; };
		55288E6C275C9F34000B974E /* NibOwnerLoadable.swift in Sources */ = {isa = PBXBuildFile; fileRef = 55288E6B275C9F34000B974E /* NibOwnerLoadable.swift */; };
		55288E6E275CA07D000B974E /* PostListVC.swift in Sources */ = {isa = PBXBuildFile; fileRef = 55288E6D275CA07D000B974E /* PostListVC.swift */; };
		55288E70275CA0E3000B974E /* APIManager.swift in Sources */ = {isa = PBXBuildFile; fileRef = 55288E6F275CA0E3000B974E /* APIManager.swift */; };
		55288E72275CA0FE000B974E /* Service.swift in Sources */ = {isa = PBXBuildFile; fileRef = 55288E71275CA0FE000B974E /* Service.swift */; };
		55288E74275CA12A000B974E /* APIConstant.swift in Sources */ = {isa = PBXBuildFile; fileRef = 55288E73275CA12A000B974E /* APIConstant.swift */; };
		55288E76275CA2CF000B974E /* APIError.swift in Sources */ = {isa = PBXBuildFile; fileRef = 55288E75275CA2CF000B974E /* APIError.swift */; };
		55288E78275CA2E1000B974E /* ServiceResult.swift in Sources */ = {isa = PBXBuildFile; fileRef = 55288E77275CA2E1000B974E /* ServiceResult.swift */; };
		55288E7A275CA310000B974E /* APISession.swift in Sources */ = {isa = PBXBuildFile; fileRef = 55288E79275CA310000B974E /* APISession.swift */; };
		55288E7D275CA446000B974E /* PostListTVCell.swift in Sources */ = {isa = PBXBuildFile; fileRef = 55288E7C275CA446000B974E /* PostListTVCell.swift */; };
		55288E7F275CA44C000B974E /* PostListTVCell.xib in Resources */ = {isa = PBXBuildFile; fileRef = 55288E7E275CA44C000B974E /* PostListTVCell.xib */; };
		55288E83275CA47C000B974E /* Post.swift in Sources */ = {isa = PBXBuildFile; fileRef = 55288E82275CA47C000B974E /* Post.swift */; };
		55288E85275CA4CD000B974E /* PostListService.swift in Sources */ = {isa = PBXBuildFile; fileRef = 55288E84275CA4CD000B974E /* PostListService.swift */; };
		55288E87275CA4F6000B974E /* PostListPresenter.swift in Sources */ = {isa = PBXBuildFile; fileRef = 55288E86275CA4F6000B974E /* PostListPresenter.swift */; };
		55C5BBFB275CAB71002972F1 /* PostDetailVC.swift in Sources */ = {isa = PBXBuildFile; fileRef = 55C5BBFA275CAB71002972F1 /* PostDetailVC.swift */; };
		55C5BBFD275CAB83002972F1 /* CommentsTVCell.swift in Sources */ = {isa = PBXBuildFile; fileRef = 55C5BBFC275CAB83002972F1 /* CommentsTVCell.swift */; };
		55C5BBFF275CAB88002972F1 /* CommentsTVCell.xib in Resources */ = {isa = PBXBuildFile; fileRef = 55C5BBFE275CAB88002972F1 /* CommentsTVCell.xib */; };
		55C5BC01275CAB99002972F1 /* Comment.swift in Sources */ = {isa = PBXBuildFile; fileRef = 55C5BC00275CAB99002972F1 /* Comment.swift */; };
		55C5BC03275CAC63002972F1 /* PostDetailService.swift in Sources */ = {isa = PBXBuildFile; fileRef = 55C5BC02275CAC63002972F1 /* PostDetailService.swift */; };
		55C5BC05275CAC72002972F1 /* PostDetailPresenter.swift in Sources */ = {isa = PBXBuildFile; fileRef = 55C5BC04275CAC72002972F1 /* PostDetailPresenter.swift */; };
		55C5BC07275CB055002972F1 /* EmptyTVCell.swift in Sources */ = {isa = PBXBuildFile; fileRef = 55C5BC06275CB055002972F1 /* EmptyTVCell.swift */; };
		55C5BC09275CB05A002972F1 /* EmptyTVCell.xib in Resources */ = {isa = PBXBuildFile; fileRef = 55C5BC08275CB05A002972F1 /* EmptyTVCell.xib */; };
		AB77C0D58B7867E6F118DFD4 /* Pods_PostList.framework in Frameworks */ = {isa = PBXBuildFile; fileRef = 18A780DB48ADBA24694EFCAC /* Pods_PostList.framework */; };
/* End PBXBuildFile section */

/* Begin PBXFileReference section */
		18A780DB48ADBA24694EFCAC /* Pods_PostList.framework */ = {isa = PBXFileReference; explicitFileType = wrapper.framework; includeInIndex = 0; path = Pods_PostList.framework; sourceTree = BUILT_PRODUCTS_DIR; };
		31868C7DCE559B50D0D05F12 /* Pods-PostList.debug.xcconfig */ = {isa = PBXFileReference; includeInIndex = 1; lastKnownFileType = text.xcconfig; name = "Pods-PostList.debug.xcconfig"; path = "Target Support Files/Pods-PostList/Pods-PostList.debug.xcconfig"; sourceTree = "<group>"; };
		55288E3C275C9AE6000B974E /* PostList.app */ = {isa = PBXFileReference; explicitFileType = wrapper.application; includeInIndex = 0; path = PostList.app; sourceTree = BUILT_PRODUCTS_DIR; };
		55288E3F275C9AE6000B974E /* AppDelegate.swift */ = {isa = PBXFileReference; lastKnownFileType = sourcecode.swift; path = AppDelegate.swift; sourceTree = "<group>"; };
		55288E41275C9AE6000B974E /* SceneDelegate.swift */ = {isa = PBXFileReference; lastKnownFileType = sourcecode.swift; path = SceneDelegate.swift; sourceTree = "<group>"; };
		55288E43275C9AE6000B974E /* ViewController.swift */ = {isa = PBXFileReference; lastKnownFileType = sourcecode.swift; path = ViewController.swift; sourceTree = "<group>"; };
		55288E46275C9AE6000B974E /* Base */ = {isa = PBXFileReference; lastKnownFileType = file.storyboard; name = Base; path = Base.lproj/Main.storyboard; sourceTree = "<group>"; };
		55288E48275C9AE7000B974E /* Assets.xcassets */ = {isa = PBXFileReference; lastKnownFileType = folder.assetcatalog; path = Assets.xcassets; sourceTree = "<group>"; };
		55288E4B275C9AE7000B974E /* Base */ = {isa = PBXFileReference; lastKnownFileType = file.storyboard; name = Base; path = Base.lproj/LaunchScreen.storyboard; sourceTree = "<group>"; };
		55288E4D275C9AE7000B974E /* Info.plist */ = {isa = PBXFileReference; lastKnownFileType = text.plist.xml; path = Info.plist; sourceTree = "<group>"; };
		55288E61275C9EE5000B974E /* StoryboardSceneBased.swift */ = {isa = PBXFileReference; lastKnownFileType = sourcecode.swift; path = StoryboardSceneBased.swift; sourceTree = "<group>"; };
		55288E63275C9EFD000B974E /* StoryboardBased.swift */ = {isa = PBXFileReference; lastKnownFileType = sourcecode.swift; path = StoryboardBased.swift; sourceTree = "<group>"; };
		55288E65275C9F09000B974E /* Reusable.swift */ = {isa = PBXFileReference; lastKnownFileType = sourcecode.swift; path = Reusable.swift; sourceTree = "<group>"; };
		55288E67275C9F19000B974E /* UITableView+Reusable.swift */ = {isa = PBXFileReference; lastKnownFileType = sourcecode.swift; path = "UITableView+Reusable.swift"; sourceTree = "<group>"; };
		55288E69275C9F27000B974E /* NibLoadable.swift */ = {isa = PBXFileReference; lastKnownFileType = sourcecode.swift; path = NibLoadable.swift; sourceTree = "<group>"; };
		55288E6B275C9F34000B974E /* NibOwnerLoadable.swift */ = {isa = PBXFileReference; lastKnownFileType = sourcecode.swift; path = NibOwnerLoadable.swift; sourceTree = "<group>"; };
		55288E6D275CA07D000B974E /* PostListVC.swift */ = {isa = PBXFileReference; lastKnownFileType = sourcecode.swift; path = PostListVC.swift; sourceTree = "<group>"; };
		55288E6F275CA0E3000B974E /* APIManager.swift */ = {isa = PBXFileReference; lastKnownFileType = sourcecode.swift; path = APIManager.swift; sourceTree = "<group>"; };
		55288E71275CA0FE000B974E /* Service.swift */ = {isa = PBXFileReference; lastKnownFileType = sourcecode.swift; path = Service.swift; sourceTree = "<group>"; };
		55288E73275CA12A000B974E /* APIConstant.swift */ = {isa = PBXFileReference; lastKnownFileType = sourcecode.swift; path = APIConstant.swift; sourceTree = "<group>"; };
		55288E75275CA2CF000B974E /* APIError.swift */ = {isa = PBXFileReference; lastKnownFileType = sourcecode.swift; path = APIError.swift; sourceTree = "<group>"; };
		55288E77275CA2E1000B974E /* ServiceResult.swift */ = {isa = PBXFileReference; lastKnownFileType = sourcecode.swift; path = ServiceResult.swift; sourceTree = "<group>"; };
		55288E79275CA310000B974E /* APISession.swift */ = {isa = PBXFileReference; lastKnownFileType = sourcecode.swift; path = APISession.swift; sourceTree = "<group>"; };
		55288E7C275CA446000B974E /* PostListTVCell.swift */ = {isa = PBXFileReference; lastKnownFileType = sourcecode.swift; path = PostListTVCell.swift; sourceTree = "<group>"; };
		55288E7E275CA44C000B974E /* PostListTVCell.xib */ = {isa = PBXFileReference; lastKnownFileType = file.xib; path = PostListTVCell.xib; sourceTree = "<group>"; };
		55288E82275CA47C000B974E /* Post.swift */ = {isa = PBXFileReference; lastKnownFileType = sourcecode.swift; path = Post.swift; sourceTree = "<group>"; };
		55288E84275CA4CD000B974E /* PostListService.swift */ = {isa = PBXFileReference; lastKnownFileType = sourcecode.swift; path = PostListService.swift; sourceTree = "<group>"; };
		55288E86275CA4F6000B974E /* PostListPresenter.swift */ = {isa = PBXFileReference; lastKnownFileType = sourcecode.swift; path = PostListPresenter.swift; sourceTree = "<group>"; };
		55C5BBFA275CAB71002972F1 /* PostDetailVC.swift */ = {isa = PBXFileReference; lastKnownFileType = sourcecode.swift; path = PostDetailVC.swift; sourceTree = "<group>"; };
		55C5BBFC275CAB83002972F1 /* CommentsTVCell.swift */ = {isa = PBXFileReference; lastKnownFileType = sourcecode.swift; path = CommentsTVCell.swift; sourceTree = "<group>"; };
		55C5BBFE275CAB88002972F1 /* CommentsTVCell.xib */ = {isa = PBXFileReference; lastKnownFileType = file.xib; path = CommentsTVCell.xib; sourceTree = "<group>"; };
		55C5BC00275CAB99002972F1 /* Comment.swift */ = {isa = PBXFileReference; lastKnownFileType = sourcecode.swift; path = Comment.swift; sourceTree = "<group>"; };
		55C5BC02275CAC63002972F1 /* PostDetailService.swift */ = {isa = PBXFileReference; lastKnownFileType = sourcecode.swift; path = PostDetailService.swift; sourceTree = "<group>"; };
		55C5BC04275CAC72002972F1 /* PostDetailPresenter.swift */ = {isa = PBXFileReference; lastKnownFileType = sourcecode.swift; path = PostDetailPresenter.swift; sourceTree = "<group>"; };
		55C5BC06275CB055002972F1 /* EmptyTVCell.swift */ = {isa = PBXFileReference; lastKnownFileType = sourcecode.swift; path = EmptyTVCell.swift; sourceTree = "<group>"; };
		55C5BC08275CB05A002972F1 /* EmptyTVCell.xib */ = {isa = PBXFileReference; lastKnownFileType = file.xib; path = EmptyTVCell.xib; sourceTree = "<group>"; };
		5771FADF423B0489CF801410 /* Pods-PostList.release.xcconfig */ = {isa = PBXFileReference; includeInIndex = 1; lastKnownFileType = text.xcconfig; name = "Pods-PostList.release.xcconfig"; path = "Target Support Files/Pods-PostList/Pods-PostList.release.xcconfig"; sourceTree = "<group>"; };
/* End PBXFileReference section */

/* Begin PBXFrameworksBuildPhase section */
		55288E39275C9AE6000B974E /* Frameworks */ = {
			isa = PBXFrameworksBuildPhase;
			buildActionMask = 2147483647;
			files = (
				AB77C0D58B7867E6F118DFD4 /* Pods_PostList.framework in Frameworks */,
			);
			runOnlyForDeploymentPostprocessing = 0;
		};
/* End PBXFrameworksBuildPhase section */

/* Begin PBXGroup section */
		0085826DD75C2245ABDF3299 /* Pods */ = {
			isa = PBXGroup;
			children = (
				31868C7DCE559B50D0D05F12 /* Pods-PostList.debug.xcconfig */,
				5771FADF423B0489CF801410 /* Pods-PostList.release.xcconfig */,
			);
			path = Pods;
			sourceTree = "<group>";
		};
		40BD349A284B8EC85AB7B6C4 /* Frameworks */ = {
			isa = PBXGroup;
			children = (
				18A780DB48ADBA24694EFCAC /* Pods_PostList.framework */,
			);
			name = Frameworks;
			sourceTree = "<group>";
		};
		55288E33275C9AE6000B974E = {
			isa = PBXGroup;
			children = (
				55288E3E275C9AE6000B974E /* PostList */,
				55288E3D275C9AE6000B974E /* Products */,
				0085826DD75C2245ABDF3299 /* Pods */,
				40BD349A284B8EC85AB7B6C4 /* Frameworks */,
			);
			sourceTree = "<group>";
		};
		55288E3D275C9AE6000B974E /* Products */ = {
			isa = PBXGroup;
			children = (
				55288E3C275C9AE6000B974E /* PostList.app */,
			);
			name = Products;
			sourceTree = "<group>";
		};
		55288E3E275C9AE6000B974E /* PostList */ = {
			isa = PBXGroup;
			children = (
				55288E80275CA45E000B974E /* Model */,
				55288E59275C9E7E000B974E /* View */,
				55288E56275C9DF4000B974E /* Helper */,
				55288E55275C9DF0000B974E /* Resources */,
				55288E54275C9DEB000B974E /* Controllers */,
				55288E53275C9DE1000B974E /* AppDelegate */,
			);
			path = PostList;
			sourceTree = "<group>";
		};
		55288E53275C9DE1000B974E /* AppDelegate */ = {
			isa = PBXGroup;
			children = (
				55288E3F275C9AE6000B974E /* AppDelegate.swift */,
				55288E41275C9AE6000B974E /* SceneDelegate.swift */,
			);
			path = AppDelegate;
			sourceTree = "<group>";
		};
		55288E54275C9DEB000B974E /* Controllers */ = {
			isa = PBXGroup;
			children = (
				55288E43275C9AE6000B974E /* ViewController.swift */,
				55C5BBF8275CAB59002972F1 /* PostDetail */,
				55288E5A275C9E8F000B974E /* PostList */,
			);
			path = Controllers;
			sourceTree = "<group>";
		};
		55288E55275C9DF0000B974E /* Resources */ = {
			isa = PBXGroup;
			children = (
				55288E58275C9E0D000B974E /* Plist */,
				55288E57275C9E04000B974E /* Images */,
			);
			path = Resources;
			sourceTree = "<group>";
		};
		55288E56275C9DF4000B974E /* Helper */ = {
			isa = PBXGroup;
			children = (
				55288E5D275C9EA6000B974E /* Constant */,
				55288E5C275C9EA2000B974E /* Extension */,
				55288E5E275C9EAA000B974E /* Network */,
				55288E5F275C9EBA000B974E /* Reusable */,
			);
			path = Helper;
			sourceTree = "<group>";
		};
		55288E57275C9E04000B974E /* Images */ = {
			isa = PBXGroup;
			children = (
				55288E48275C9AE7000B974E /* Assets.xcassets */,
			);
			path = Images;
			sourceTree = "<group>";
		};
		55288E58275C9E0D000B974E /* Plist */ = {
			isa = PBXGroup;
			children = (
				55288E4D275C9AE7000B974E /* Info.plist */,
			);
			path = Plist;
			sourceTree = "<group>";
		};
		55288E59275C9E7E000B974E /* View */ = {
			isa = PBXGroup;
			children = (
				55288E45275C9AE6000B974E /* Main.storyboard */,
				55288E4A275C9AE7000B974E /* LaunchScreen.storyboard */,
			);
			path = View;
			sourceTree = "<group>";
		};
		55288E5A275C9E8F000B974E /* PostList */ = {
			isa = PBXGroup;
			children = (
				55288E7B275CA439000B974E /* Cell */,
				55288E6D275CA07D000B974E /* PostListVC.swift */,
				55288E84275CA4CD000B974E /* PostListService.swift */,
				55288E86275CA4F6000B974E /* PostListPresenter.swift */,
			);
			path = PostList;
			sourceTree = "<group>";
		};
		55288E5C275C9EA2000B974E /* Extension */ = {
			isa = PBXGroup;
			children = (
			);
			path = Extension;
			sourceTree = "<group>";
		};
		55288E5D275C9EA6000B974E /* Constant */ = {
			isa = PBXGroup;
			children = (
			);
			path = Constant;
			sourceTree = "<group>";
		};
		55288E5E275C9EAA000B974E /* Network */ = {
			isa = PBXGroup;
			children = (
				55288E73275CA12A000B974E /* APIConstant.swift */,
				55288E79275CA310000B974E /* APISession.swift */,
				55288E6F275CA0E3000B974E /* APIManager.swift */,
				55288E75275CA2CF000B974E /* APIError.swift */,
				55288E71275CA0FE000B974E /* Service.swift */,
				55288E77275CA2E1000B974E /* ServiceResult.swift */,
			);
			path = Network;
			sourceTree = "<group>";
		};
		55288E5F275C9EBA000B974E /* Reusable */ = {
			isa = PBXGroup;
			children = (
				55288E61275C9EE5000B974E /* StoryboardSceneBased.swift */,
				55288E63275C9EFD000B974E /* StoryboardBased.swift */,
				55288E65275C9F09000B974E /* Reusable.swift */,
				55288E67275C9F19000B974E /* UITableView+Reusable.swift */,
				55288E69275C9F27000B974E /* NibLoadable.swift */,
				55288E6B275C9F34000B974E /* NibOwnerLoadable.swift */,
			);
			path = Reusable;
			sourceTree = "<group>";
		};
		55288E7B275CA439000B974E /* Cell */ = {
			isa = PBXGroup;
			children = (
				55288E7C275CA446000B974E /* PostListTVCell.swift */,
				55288E7E275CA44C000B974E /* PostListTVCell.xib */,
			);
			path = Cell;
			sourceTree = "<group>";
		};
		55288E80275CA45E000B974E /* Model */ = {
			isa = PBXGroup;
			children = (
				55288E82275CA47C000B974E /* Post.swift */,
				55C5BC00275CAB99002972F1 /* Comment.swift */,
			);
			path = Model;
			sourceTree = "<group>";
		};
		55C5BBF8275CAB59002972F1 /* PostDetail */ = {
			isa = PBXGroup;
			children = (
				55C5BBF9275CAB64002972F1 /* Cell */,
				55C5BBFA275CAB71002972F1 /* PostDetailVC.swift */,
				55C5BC02275CAC63002972F1 /* PostDetailService.swift */,
				55C5BC04275CAC72002972F1 /* PostDetailPresenter.swift */,
			);
			path = PostDetail;
			sourceTree = "<group>";
		};
		55C5BBF9275CAB64002972F1 /* Cell */ = {
			isa = PBXGroup;
			children = (
				55C5BBFC275CAB83002972F1 /* CommentsTVCell.swift */,
				55C5BBFE275CAB88002972F1 /* CommentsTVCell.xib */,
				55C5BC06275CB055002972F1 /* EmptyTVCell.swift */,
				55C5BC08275CB05A002972F1 /* EmptyTVCell.xib */,
			);
			path = Cell;
			sourceTree = "<group>";
		};
/* End PBXGroup section */

/* Begin PBXNativeTarget section */
		55288E3B275C9AE6000B974E /* PostList */ = {
			isa = PBXNativeTarget;
			buildConfigurationList = 55288E50275C9AE7000B974E /* Build configuration list for PBXNativeTarget "PostList" */;
			buildPhases = (
				762E2CFBB5CAC3288A88B1E1 /* [CP] Check Pods Manifest.lock */,
				55288E38275C9AE6000B974E /* Sources */,
				55288E39275C9AE6000B974E /* Frameworks */,
				55288E3A275C9AE6000B974E /* Resources */,
				1572EC803313EC023D884899 /* [CP] Embed Pods Frameworks */,
			);
			buildRules = (
			);
			dependencies = (
			);
			name = PostList;
			productName = PostList;
			productReference = 55288E3C275C9AE6000B974E /* PostList.app */;
			productType = "com.apple.product-type.application";
		};
/* End PBXNativeTarget section */

/* Begin PBXProject section */
		55288E34275C9AE6000B974E /* Project object */ = {
			isa = PBXProject;
			attributes = {
				BuildIndependentTargetsInParallel = 1;
				LastSwiftUpdateCheck = 1310;
				LastUpgradeCheck = 1310;
				ORGANIZATIONNAME = DY;
				TargetAttributes = {
					55288E3B275C9AE6000B974E = {
						CreatedOnToolsVersion = 13.1;
					};
				};
			};
			buildConfigurationList = 55288E37275C9AE6000B974E /* Build configuration list for PBXProject "PostList" */;
			compatibilityVersion = "Xcode 13.0";
			developmentRegion = en;
			hasScannedForEncodings = 0;
			knownRegions = (
				en,
				Base,
			);
			mainGroup = 55288E33275C9AE6000B974E;
			productRefGroup = 55288E3D275C9AE6000B974E /* Products */;
			projectDirPath = "";
			projectRoot = "";
			targets = (
				55288E3B275C9AE6000B974E /* PostList */,
			);
		};
/* End PBXProject section */

/* Begin PBXResourcesBuildPhase section */
		55288E3A275C9AE6000B974E /* Resources */ = {
			isa = PBXResourcesBuildPhase;
			buildActionMask = 2147483647;
			files = (
				55288E4C275C9AE7000B974E /* LaunchScreen.storyboard in Resources */,
				55288E49275C9AE7000B974E /* Assets.xcassets in Resources */,
				55C5BBFF275CAB88002972F1 /* CommentsTVCell.xib in Resources */,
				55C5BC09275CB05A002972F1 /* EmptyTVCell.xib in Resources */,
				55288E47275C9AE6000B974E /* Main.storyboard in Resources */,
				55288E7F275CA44C000B974E /* PostListTVCell.xib in Resources */,
			);
			runOnlyForDeploymentPostprocessing = 0;
		};
/* End PBXResourcesBuildPhase section */

/* Begin PBXShellScriptBuildPhase section */
		1572EC803313EC023D884899 /* [CP] Embed Pods Frameworks */ = {
			isa = PBXShellScriptBuildPhase;
			buildActionMask = 2147483647;
			files = (
			);
			inputFileListPaths = (
				"${PODS_ROOT}/Target Support Files/Pods-PostList/Pods-PostList-frameworks-${CONFIGURATION}-input-files.xcfilelist",
			);
			name = "[CP] Embed Pods Frameworks";
			outputFileListPaths = (
				"${PODS_ROOT}/Target Support Files/Pods-PostList/Pods-PostList-frameworks-${CONFIGURATION}-output-files.xcfilelist",
			);
			runOnlyForDeploymentPostprocessing = 0;
			shellPath = /bin/sh;
			shellScript = "\"${PODS_ROOT}/Target Support Files/Pods-PostList/Pods-PostList-frameworks.sh\"\n";
			showEnvVarsInLog = 0;
		};
		762E2CFBB5CAC3288A88B1E1 /* [CP] Check Pods Manifest.lock */ = {
			isa = PBXShellScriptBuildPhase;
			buildActionMask = 2147483647;
			files = (
			);
			inputFileListPaths = (
			);
			inputPaths = (
				"${PODS_PODFILE_DIR_PATH}/Podfile.lock",
				"${PODS_ROOT}/Manifest.lock",
			);
			name = "[CP] Check Pods Manifest.lock";
			outputFileListPaths = (
			);
			outputPaths = (
				"$(DERIVED_FILE_DIR)/Pods-PostList-checkManifestLockResult.txt",
			);
			runOnlyForDeploymentPostprocessing = 0;
			shellPath = /bin/sh;
			shellScript = "diff \"${PODS_PODFILE_DIR_PATH}/Podfile.lock\" \"${PODS_ROOT}/Manifest.lock\" > /dev/null\nif [ $? != 0 ] ; then\n    # print error to STDERR\n    echo \"error: The sandbox is not in sync with the Podfile.lock. Run 'pod install' or update your CocoaPods installation.\" >&2\n    exit 1\nfi\n# This output is used by Xcode 'outputs' to avoid re-running this script phase.\necho \"SUCCESS\" > \"${SCRIPT_OUTPUT_FILE_0}\"\n";
			showEnvVarsInLog = 0;
		};
/* End PBXShellScriptBuildPhase section */

/* Begin PBXSourcesBuildPhase section */
		55288E38275C9AE6000B974E /* Sources */ = {
			isa = PBXSourcesBuildPhase;
			buildActionMask = 2147483647;
			files = (
				55288E66275C9F09000B974E /* Reusable.swift in Sources */,
				55C5BC01275CAB99002972F1 /* Comment.swift in Sources */,
				55288E76275CA2CF000B974E /* APIError.swift in Sources */,
				55288E6E275CA07D000B974E /* PostListVC.swift in Sources */,
				55288E6C275C9F34000B974E /* NibOwnerLoadable.swift in Sources */,
				55288E6A275C9F27000B974E /* NibLoadable.swift in Sources */,
				55288E78275CA2E1000B974E /* ServiceResult.swift in Sources */,
				55288E44275C9AE6000B974E /* ViewController.swift in Sources */,
				55288E74275CA12A000B974E /* APIConstant.swift in Sources */,
				55288E7D275CA446000B974E /* PostListTVCell.swift in Sources */,
				55C5BBFD275CAB83002972F1 /* CommentsTVCell.swift in Sources */,
				55C5BC07275CB055002972F1 /* EmptyTVCell.swift in Sources */,
				55288E72275CA0FE000B974E /* Service.swift in Sources */,
				55C5BC03275CAC63002972F1 /* PostDetailService.swift in Sources */,
				55C5BBFB275CAB71002972F1 /* PostDetailVC.swift in Sources */,
				55288E7A275CA310000B974E /* APISession.swift in Sources */,
				55288E70275CA0E3000B974E /* APIManager.swift in Sources */,
				55288E40275C9AE6000B974E /* AppDelegate.swift in Sources */,
				55288E42275C9AE6000B974E /* SceneDelegate.swift in Sources */,
				55288E64275C9EFD000B974E /* StoryboardBased.swift in Sources */,
				55288E83275CA47C000B974E /* Post.swift in Sources */,
				55288E87275CA4F6000B974E /* PostListPresenter.swift in Sources */,
				55288E62275C9EE5000B974E /* StoryboardSceneBased.swift in Sources */,
				55C5BC05275CAC72002972F1 /* PostDetailPresenter.swift in Sources */,
				55288E68275C9F19000B974E /* UITableView+Reusable.swift in Sources */,
				55288E85275CA4CD000B974E /* PostListService.swift in Sources */,
			);
			runOnlyForDeploymentPostprocessing = 0;
		};
/* End PBXSourcesBuildPhase section */

/* Begin PBXVariantGroup section */
		55288E45275C9AE6000B974E /* Main.storyboard */ = {
			isa = PBXVariantGroup;
			children = (
				55288E46275C9AE6000B974E /* Base */,
			);
			name = Main.storyboard;
			sourceTree = "<group>";
		};
		55288E4A275C9AE7000B974E /* LaunchScreen.storyboard */ = {
			isa = PBXVariantGroup;
			children = (
				55288E4B275C9AE7000B974E /* Base */,
			);
			name = LaunchScreen.storyboard;
			sourceTree = "<group>";
		};
/* End PBXVariantGroup section */

/* Begin XCBuildConfiguration section */
		55288E4E275C9AE7000B974E /* Debug */ = {
			isa = XCBuildConfiguration;
			buildSettings = {
				ALWAYS_SEARCH_USER_PATHS = NO;
				CLANG_ANALYZER_NONNULL = YES;
				CLANG_ANALYZER_NUMBER_OBJECT_CONVERSION = YES_AGGRESSIVE;
				CLANG_CXX_LANGUAGE_STANDARD = "gnu++17";
				CLANG_CXX_LIBRARY = "libc++";
				CLANG_ENABLE_MODULES = YES;
				CLANG_ENABLE_OBJC_ARC = YES;
				CLANG_ENABLE_OBJC_WEAK = YES;
				CLANG_WARN_BLOCK_CAPTURE_AUTORELEASING = YES;
				CLANG_WARN_BOOL_CONVERSION = YES;
				CLANG_WARN_COMMA = YES;
				CLANG_WARN_CONSTANT_CONVERSION = YES;
				CLANG_WARN_DEPRECATED_OBJC_IMPLEMENTATIONS = YES;
				CLANG_WARN_DIRECT_OBJC_ISA_USAGE = YES_ERROR;
				CLANG_WARN_DOCUMENTATION_COMMENTS = YES;
				CLANG_WARN_EMPTY_BODY = YES;
				CLANG_WARN_ENUM_CONVERSION = YES;
				CLANG_WARN_INFINITE_RECURSION = YES;
				CLANG_WARN_INT_CONVERSION = YES;
				CLANG_WARN_NON_LITERAL_NULL_CONVERSION = YES;
				CLANG_WARN_OBJC_IMPLICIT_RETAIN_SELF = YES;
				CLANG_WARN_OBJC_LITERAL_CONVERSION = YES;
				CLANG_WARN_OBJC_ROOT_CLASS = YES_ERROR;
				CLANG_WARN_QUOTED_INCLUDE_IN_FRAMEWORK_HEADER = YES;
				CLANG_WARN_RANGE_LOOP_ANALYSIS = YES;
				CLANG_WARN_STRICT_PROTOTYPES = YES;
				CLANG_WARN_SUSPICIOUS_MOVE = YES;
				CLANG_WARN_UNGUARDED_AVAILABILITY = YES_AGGRESSIVE;
				CLANG_WARN_UNREACHABLE_CODE = YES;
				CLANG_WARN__DUPLICATE_METHOD_MATCH = YES;
				COPY_PHASE_STRIP = NO;
				DEBUG_INFORMATION_FORMAT = dwarf;
				ENABLE_STRICT_OBJC_MSGSEND = YES;
				ENABLE_TESTABILITY = YES;
				GCC_C_LANGUAGE_STANDARD = gnu11;
				GCC_DYNAMIC_NO_PIC = NO;
				GCC_NO_COMMON_BLOCKS = YES;
				GCC_OPTIMIZATION_LEVEL = 0;
				GCC_PREPROCESSOR_DEFINITIONS = (
					"DEBUG=1",
					"$(inherited)",
				);
				GCC_WARN_64_TO_32_BIT_CONVERSION = YES;
				GCC_WARN_ABOUT_RETURN_TYPE = YES_ERROR;
				GCC_WARN_UNDECLARED_SELECTOR = YES;
				GCC_WARN_UNINITIALIZED_AUTOS = YES_AGGRESSIVE;
				GCC_WARN_UNUSED_FUNCTION = YES;
				GCC_WARN_UNUSED_VARIABLE = YES;
				IPHONEOS_DEPLOYMENT_TARGET = 15.0;
				MTL_ENABLE_DEBUG_INFO = INCLUDE_SOURCE;
				MTL_FAST_MATH = YES;
				ONLY_ACTIVE_ARCH = YES;
				SDKROOT = iphoneos;
				SWIFT_ACTIVE_COMPILATION_CONDITIONS = DEBUG;
				SWIFT_OPTIMIZATION_LEVEL = "-Onone";
			};
			name = Debug;
		};
		55288E4F275C9AE7000B974E /* Release */ = {
			isa = XCBuildConfiguration;
			buildSettings = {
				ALWAYS_SEARCH_USER_PATHS = NO;
				CLANG_ANALYZER_NONNULL = YES;
				CLANG_ANALYZER_NUMBER_OBJECT_CONVERSION = YES_AGGRESSIVE;
				CLANG_CXX_LANGUAGE_STANDARD = "gnu++17";
				CLANG_CXX_LIBRARY = "libc++";
				CLANG_ENABLE_MODULES = YES;
				CLANG_ENABLE_OBJC_ARC = YES;
				CLANG_ENABLE_OBJC_WEAK = YES;
				CLANG_WARN_BLOCK_CAPTURE_AUTORELEASING = YES;
				CLANG_WARN_BOOL_CONVERSION = YES;
				CLANG_WARN_COMMA = YES;
				CLANG_WARN_CONSTANT_CONVERSION = YES;
				CLANG_WARN_DEPRECATED_OBJC_IMPLEMENTATIONS = YES;
				CLANG_WARN_DIRECT_OBJC_ISA_USAGE = YES_ERROR;
				CLANG_WARN_DOCUMENTATION_COMMENTS = YES;
				CLANG_WARN_EMPTY_BODY = YES;
				CLANG_WARN_ENUM_CONVERSION = YES;
				CLANG_WARN_INFINITE_RECURSION = YES;
				CLANG_WARN_INT_CONVERSION = YES;
				CLANG_WARN_NON_LITERAL_NULL_CONVERSION = YES;
				CLANG_WARN_OBJC_IMPLICIT_RETAIN_SELF = YES;
				CLANG_WARN_OBJC_LITERAL_CONVERSION = YES;
				CLANG_WARN_OBJC_ROOT_CLASS = YES_ERROR;
				CLANG_WARN_QUOTED_INCLUDE_IN_FRAMEWORK_HEADER = YES;
				CLANG_WARN_RANGE_LOOP_ANALYSIS = YES;
				CLANG_WARN_STRICT_PROTOTYPES = YES;
				CLANG_WARN_SUSPICIOUS_MOVE = YES;
				CLANG_WARN_UNGUARDED_AVAILABILITY = YES_AGGRESSIVE;
				CLANG_WARN_UNREACHABLE_CODE = YES;
				CLANG_WARN__DUPLICATE_METHOD_MATCH = YES;
				COPY_PHASE_STRIP = NO;
				DEBUG_INFORMATION_FORMAT = "dwarf-with-dsym";
				ENABLE_NS_ASSERTIONS = NO;
				ENABLE_STRICT_OBJC_MSGSEND = YES;
				GCC_C_LANGUAGE_STANDARD = gnu11;
				GCC_NO_COMMON_BLOCKS = YES;
				GCC_WARN_64_TO_32_BIT_CONVERSION = YES;
				GCC_WARN_ABOUT_RETURN_TYPE = YES_ERROR;
				GCC_WARN_UNDECLARED_SELECTOR = YES;
				GCC_WARN_UNINITIALIZED_AUTOS = YES_AGGRESSIVE;
				GCC_WARN_UNUSED_FUNCTION = YES;
				GCC_WARN_UNUSED_VARIABLE = YES;
				IPHONEOS_DEPLOYMENT_TARGET = 15.0;
				MTL_ENABLE_DEBUG_INFO = NO;
				MTL_FAST_MATH = YES;
				SDKROOT = iphoneos;
				SWIFT_COMPILATION_MODE = wholemodule;
				SWIFT_OPTIMIZATION_LEVEL = "-O";
				VALIDATE_PRODUCT = YES;
			};
			name = Release;
		};
		55288E51275C9AE7000B974E /* Debug */ = {
			isa = XCBuildConfiguration;
			baseConfigurationReference = 31868C7DCE559B50D0D05F12 /* Pods-PostList.debug.xcconfig */;
			buildSettings = {
				ASSETCATALOG_COMPILER_APPICON_NAME = AppIcon;
				ASSETCATALOG_COMPILER_GLOBAL_ACCENT_COLOR_NAME = AccentColor;
				CODE_SIGN_STYLE = Automatic;
				CURRENT_PROJECT_VERSION = 1;
				"EXCLUDED_ARCHS[sdk=iphonesimulator*]" = arm64;
				GENERATE_INFOPLIST_FILE = YES;
				INFOPLIST_FILE = "$(SRCROOT)/PostList/Resources/Plist/Info.plist";
				INFOPLIST_KEY_UIApplicationSupportsIndirectInputEvents = YES;
				INFOPLIST_KEY_UILaunchStoryboardName = LaunchScreen;
				INFOPLIST_KEY_UIMainStoryboardFile = Main;
				INFOPLIST_KEY_UISupportedInterfaceOrientations_iPad = "UIInterfaceOrientationPortrait UIInterfaceOrientationPortraitUpsideDown UIInterfaceOrientationLandscapeLeft UIInterfaceOrientationLandscapeRight";
				INFOPLIST_KEY_UISupportedInterfaceOrientations_iPhone = "UIInterfaceOrientationPortrait UIInterfaceOrientationLandscapeLeft UIInterfaceOrientationLandscapeRight";
				LD_RUNPATH_SEARCH_PATHS = (
					"$(inherited)",
					"@executable_path/Frameworks",
				);
				MARKETING_VERSION = 1.0;
				OTHER_SWIFT_FLAGS = "$(inherited) -D COCOAPODS -DDEBUG";
				PRODUCT_BUNDLE_IDENTIFIER = com.dy.PostList;
				PRODUCT_NAME = "$(TARGET_NAME)";
				SWIFT_EMIT_LOC_STRINGS = YES;
				SWIFT_VERSION = 5.0;
				TARGETED_DEVICE_FAMILY = "1,2";
			};
			name = Debug;
		};
		55288E52275C9AE7000B974E /* Release */ = {
			isa = XCBuildConfiguration;
			baseConfigurationReference = 5771FADF423B0489CF801410 /* Pods-PostList.release.xcconfig */;
			buildSettings = {
				ASSETCATALOG_COMPILER_APPICON_NAME = AppIcon;
				ASSETCATALOG_COMPILER_GLOBAL_ACCENT_COLOR_NAME = AccentColor;
				CODE_SIGN_STYLE = Automatic;
				CURRENT_PROJECT_VERSION = 1;
				"EXCLUDED_ARCHS[sdk=iphonesimulator*]" = arm64;
				GENERATE_INFOPLIST_FILE = YES;
				INFOPLIST_FILE = "$(SRCROOT)/PostList/Resources/Plist/Info.plist";
				INFOPLIST_KEY_UIApplicationSupportsIndirectInputEvents = YES;
				INFOPLIST_KEY_UILaunchStoryboardName = LaunchScreen;
				INFOPLIST_KEY_UIMainStoryboardFile = Main;
				INFOPLIST_KEY_UISupportedInterfaceOrientations_iPad = "UIInterfaceOrientationPortrait UIInterfaceOrientationPortraitUpsideDown UIInterfaceOrientationLandscapeLeft UIInterfaceOrientationLandscapeRight";
				INFOPLIST_KEY_UISupportedInterfaceOrientations_iPhone = "UIInterfaceOrientationPortrait UIInterfaceOrientationLandscapeLeft UIInterfaceOrientationLandscapeRight";
				LD_RUNPATH_SEARCH_PATHS = (
					"$(inherited)",
					"@executable_path/Frameworks",
				);
				MARKETING_VERSION = 1.0;
				OTHER_SWIFT_FLAGS = "$(inherited) -D COCOAPODS -DRELEASE";
				PRODUCT_BUNDLE_IDENTIFIER = com.dy.PostList;
				PRODUCT_NAME = "$(TARGET_NAME)";
				SWIFT_EMIT_LOC_STRINGS = YES;
				SWIFT_VERSION = 5.0;
				TARGETED_DEVICE_FAMILY = "1,2";
			};
			name = Release;
		};
/* End XCBuildConfiguration section */

/* Begin XCConfigurationList section */
		55288E37275C9AE6000B974E /* Build configuration list for PBXProject "PostList" */ = {
			isa = XCConfigurationList;
			buildConfigurations = (
				55288E4E275C9AE7000B974E /* Debug */,
				55288E4F275C9AE7000B974E /* Release */,
			);
			defaultConfigurationIsVisible = 0;
			defaultConfigurationName = Release;
		};
		55288E50275C9AE7000B974E /* Build configuration list for PBXNativeTarget "PostList" */ = {
			isa = XCConfigurationList;
			buildConfigurations = (
				55288E51275C9AE7000B974E /* Debug */,
				55288E52275C9AE7000B974E /* Release */,
			);
			defaultConfigurationIsVisible = 0;
			defaultConfigurationName = Release;
		};
/* End XCConfigurationList section */
	};
	rootObject = 55288E34275C9AE6000B974E /* Project object */;
}
